
Microsoft Visual Studio Solution File, Format Version 12.00
# Visual Studio Version 16
VisualStudioVersion = 16.0.29806.167
MinimumVisualStudioVersion = 10.0.40219.1
Project("{8BC9CEB8-8B4A-11D0-8D11-00A0C91BC942}") = "Lab2", "Lab2\Lab2.vcxproj", "{7196D2E7-0401-4F12-A320-89D83821FE5F}"
EndProject
Global
	GlobalSection(SolutionConfigurationPlatforms) = preSolution
		Debug|x64 = Debug|x64
		Debug|x86 = Debug|x86
		Release|x64 = Release|x64
		Release|x86 = Release|x86
	EndGlobalSection
	GlobalSection(ProjectConfigurationPlatforms) = postSolution
		{7196D2E7-0401-4F12-A320-89D83821FE5F}.Debug|x64.ActiveCfg = Debug|x64
		{7196D2E7-0401-4F12-A320-89D83821FE5F}.Debug|x64.Build.0 = Debug|x64
		{7196D2E7-0401-4F12-A320-89D83821FE5F}.Debug|x86.ActiveCfg = Debug|Win32
		{7196D2E7-0401-4F12-A320-89D83821FE5F}.Debug|x86.Build.0 = Debug|Win32
		{7196D2E7-0401-4F12-A320-89D83821FE5F}.Release|x64.ActiveCfg = Release|x64
		{7196D2E7-0401-4F12-A320-89D83821FE5F}.Release|x64.Build.0 = Release|x64
		{7196D2E7-0401-4F12-A320-89D83821FE5F}.Release|x86.ActiveCfg = Release|Win32
		{7196D2E7-0401-4F12-A320-89D83821FE5F}.Release|x86.Build.0 = Release|Win32
	EndGlobalSection
	GlobalSection(SolutionProperties) = preSolution
		HideSolutionNode = FALSE
	EndGlobalSection
	GlobalSection(ExtensibilityGlobals) = postSolution
		SolutionGuid = {871FD05C-B4F2-4E34-8518-65891318790B}
	EndGlobalSection
EndGlobal
